// !$*UTF8*$!
{
	archiveVersion = 1;
	classes = {
	};
	objectVersion = 56;
	objects = {

/* Begin PBXBuildFile section */
		D079100D2BA5E967001FB23F /* FirebaseAuth in Frameworks */ = {isa = PBXBuildFile; productRef = D079100C2BA5E967001FB23F /* FirebaseAuth */; };
		D079100F2BA5E967001FB23F /* FirebaseFirestore in Frameworks */ = {isa = PBXBuildFile; productRef = D079100E2BA5E967001FB23F /* FirebaseFirestore */; };
		D07910112BA5E967001FB23F /* FirebaseFirestoreSwift in Frameworks */ = {isa = PBXBuildFile; productRef = D07910102BA5E967001FB23F /* FirebaseFirestoreSwift */; };
		D07910132BA5F4CD001FB23F /* GoogleService-Info.plist in Resources */ = {isa = PBXBuildFile; fileRef = D07910122BA5F4CC001FB23F /* GoogleService-Info.plist */; };
		D07910192BA6D660001FB23F /* e .swift in Sources */ = {isa = PBXBuildFile; fileRef = D07910182BA6D660001FB23F /* e .swift */; };
		D079101B2BA6D688001FB23F /* TodoListItemView.swift in Sources */ = {isa = PBXBuildFile; fileRef = D079101A2BA6D688001FB23F /* TodoListItemView.swift */; };
		D079101D2BA6D6C3001FB23F /* NewItemView.swift in Sources */ = {isa = PBXBuildFile; fileRef = D079101C2BA6D6C2001FB23F /* NewItemView.swift */; };
		D079101F2BA6D6E6001FB23F /* LoginView.swift in Sources */ = {isa = PBXBuildFile; fileRef = D079101E2BA6D6E6001FB23F /* LoginView.swift */; };
		D07910212BA6D6F6001FB23F /* RegisterView.swift in Sources */ = {isa = PBXBuildFile; fileRef = D07910202BA6D6F5001FB23F /* RegisterView.swift */; };
		D07910232BA6D74A001FB23F /* TodoListView.swift in Sources */ = {isa = PBXBuildFile; fileRef = D07910222BA6D74A001FB23F /* TodoListView.swift */; };
		D07910252BA6D7C6001FB23F /* User.swift in Sources */ = {isa = PBXBuildFile; fileRef = D07910242BA6D7C6001FB23F /* User.swift */; };
		D07910272BA6D7D9001FB23F /* TodoListItem.swift in Sources */ = {isa = PBXBuildFile; fileRef = D07910262BA6D7D9001FB23F /* TodoListItem.swift */; };
		D079102A2BA6E5FB001FB23F /* MainViewModel.swift in Sources */ = {isa = PBXBuildFile; fileRef = D07910292BA6E5FB001FB23F /* MainViewModel.swift */; };
		D079102C2BA6E639001FB23F /* ProfileViewModel.swift in Sources */ = {isa = PBXBuildFile; fileRef = D079102B2BA6E639001FB23F /* ProfileViewModel.swift */; };
		D079102E2BA6E655001FB23F /* TodoListViewModel.swift in Sources */ = {isa = PBXBuildFile; fileRef = D079102D2BA6E655001FB23F /* TodoListViewModel.swift */; };
		D07910302BA6ED56001FB23F /* NewItemViewModel.swift in Sources */ = {isa = PBXBuildFile; fileRef = D079102F2BA6ED56001FB23F /* NewItemViewModel.swift */; };
		D07910322BA6EDBB001FB23F /* LoginViewModel.swift in Sources */ = {isa = PBXBuildFile; fileRef = D07910312BA6EDBB001FB23F /* LoginViewModel.swift */; };
		D07910342BA6EDF7001FB23F /* RegisterViewModel.swift in Sources */ = {isa = PBXBuildFile; fileRef = D07910332BA6EDF7001FB23F /* RegisterViewModel.swift */; };
		D07910362BA6EE84001FB23F /* TodoListItemViewModel.swift in Sources */ = {isa = PBXBuildFile; fileRef = D07910352BA6EE84001FB23F /* TodoListItemViewModel.swift */; };
		D07910382BA75A67001FB23F /* HeaderView.swift in Sources */ = {isa = PBXBuildFile; fileRef = D07910372BA75A66001FB23F /* HeaderView.swift */; };
		D079103A2BA7725E001FB23F /* TLButton.swift in Sources */ = {isa = PBXBuildFile; fileRef = D07910392BA7725E001FB23F /* TLButton.swift */; };
		D079103D2BA82B59001FB23F /* Extentions.swift in Sources */ = {isa = PBXBuildFile; fileRef = D079103C2BA82B59001FB23F /* Extentions.swift */; };
		D07CD6492BA9AD6300CF6DFE /* Launch Screen.storyboard in Resources */ = {isa = PBXBuildFile; fileRef = D07CD6482BA9AD6300CF6DFE /* Launch Screen.storyboard */; };
		D0B056212BA4E7F500794335 /* TodoListApp.swift in Sources */ = {isa = PBXBuildFile; fileRef = D0B056202BA4E7F500794335 /* TodoListApp.swift */; };
		D0B056232BA4E7F500794335 /* MainView.swift in Sources */ = {isa = PBXBuildFile; fileRef = D0B056222BA4E7F500794335 /* MainView.swift */; };
		D0B056252BA4E7F700794335 /* Assets.xcassets in Resources */ = {isa = PBXBuildFile; fileRef = D0B056242BA4E7F700794335 /* Assets.xcassets */; };
		D0B056282BA4E7F700794335 /* Preview Assets.xcassets in Resources */ = {isa = PBXBuildFile; fileRef = D0B056272BA4E7F700794335 /* Preview Assets.xcassets */; };
/* End PBXBuildFile section */

/* Begin PBXFileReference section */
		D07910122BA5F4CC001FB23F /* GoogleService-Info.plist */ = {isa = PBXFileReference; fileEncoding = 4; lastKnownFileType = text.plist.xml; path = "GoogleService-Info.plist"; sourceTree = "<group>"; };
		D07910182BA6D660001FB23F /* e .swift */ = {isa = PBXFileReference; lastKnownFileType = sourcecode.swift; path = "e .swift"; sourceTree = "<group>"; };
		D079101A2BA6D688001FB23F /* TodoListItemView.swift */ = {isa = PBXFileReference; lastKnownFileType = sourcecode.swift; path = TodoListItemView.swift; sourceTree = "<group>"; };
		D079101C2BA6D6C2001FB23F /* NewItemView.swift */ = {isa = PBXFileReference; lastKnownFileType = sourcecode.swift; path = NewItemView.swift; sourceTree = "<group>"; };
		D079101E2BA6D6E6001FB23F /* LoginView.swift */ = {isa = PBXFileReference; lastKnownFileType = sourcecode.swift; path = LoginView.swift; sourceTree = "<group>"; };
		D07910202BA6D6F5001FB23F /* RegisterView.swift */ = {isa = PBXFileReference; lastKnownFileType = sourcecode.swift; path = RegisterView.swift; sourceTree = "<group>"; };
		D07910222BA6D74A001FB23F /* TodoListView.swift */ = {isa = PBXFileReference; lastKnownFileType = sourcecode.swift; path = TodoListView.swift; sourceTree = "<group>"; };
		D07910242BA6D7C6001FB23F /* User.swift */ = {isa = PBXFileReference; lastKnownFileType = sourcecode.swift; path = User.swift; sourceTree = "<group>"; };
		D07910262BA6D7D9001FB23F /* TodoListItem.swift */ = {isa = PBXFileReference; lastKnownFileType = sourcecode.swift; path = TodoListItem.swift; sourceTree = "<group>"; };
		D07910292BA6E5FB001FB23F /* MainViewModel.swift */ = {isa = PBXFileReference; lastKnownFileType = sourcecode.swift; path = MainViewModel.swift; sourceTree = "<group>"; };
		D079102B2BA6E639001FB23F /* ProfileViewModel.swift */ = {isa = PBXFileReference; lastKnownFileType = sourcecode.swift; path = ProfileViewModel.swift; sourceTree = "<group>"; };
		D079102D2BA6E655001FB23F /* TodoListViewModel.swift */ = {isa = PBXFileReference; lastKnownFileType = sourcecode.swift; path = TodoListViewModel.swift; sourceTree = "<group>"; };
		D079102F2BA6ED56001FB23F /* NewItemViewModel.swift */ = {isa = PBXFileReference; lastKnownFileType = sourcecode.swift; path = NewItemViewModel.swift; sourceTree = "<group>"; };
		D07910312BA6EDBB001FB23F /* LoginViewModel.swift */ = {isa = PBXFileReference; lastKnownFileType = sourcecode.swift; path = LoginViewModel.swift; sourceTree = "<group>"; };
		D07910332BA6EDF7001FB23F /* RegisterViewModel.swift */ = {isa = PBXFileReference; lastKnownFileType = sourcecode.swift; path = RegisterViewModel.swift; sourceTree = "<group>"; };
		D07910352BA6EE84001FB23F /* TodoListItemViewModel.swift */ = {isa = PBXFileReference; lastKnownFileType = sourcecode.swift; path = TodoListItemViewModel.swift; sourceTree = "<group>"; };
		D07910372BA75A66001FB23F /* HeaderView.swift */ = {isa = PBXFileReference; lastKnownFileType = sourcecode.swift; path = HeaderView.swift; sourceTree = "<group>"; };
		D07910392BA7725E001FB23F /* TLButton.swift */ = {isa = PBXFileReference; lastKnownFileType = sourcecode.swift; path = TLButton.swift; sourceTree = "<group>"; };
		D079103C2BA82B59001FB23F /* Extentions.swift */ = {isa = PBXFileReference; lastKnownFileType = sourcecode.swift; path = Extentions.swift; sourceTree = "<group>"; };
		D07CD6482BA9AD6300CF6DFE /* Launch Screen.storyboard */ = {isa = PBXFileReference; lastKnownFileType = file.storyboard; path = "Launch Screen.storyboard"; sourceTree = "<group>"; };
		D0B0561D2BA4E7F500794335 /* TodoList.app */ = {isa = PBXFileReference; explicitFileType = wrapper.application; includeInIndex = 0; path = TodoList.app; sourceTree = BUILT_PRODUCTS_DIR; };
		D0B056202BA4E7F500794335 /* TodoListApp.swift */ = {isa = PBXFileReference; lastKnownFileType = sourcecode.swift; path = TodoListApp.swift; sourceTree = "<group>"; };
		D0B056222BA4E7F500794335 /* MainView.swift */ = {isa = PBXFileReference; lastKnownFileType = sourcecode.swift; path = MainView.swift; sourceTree = "<group>"; };
		D0B056242BA4E7F700794335 /* Assets.xcassets */ = {isa = PBXFileReference; lastKnownFileType = folder.assetcatalog; path = Assets.xcassets; sourceTree = "<group>"; };
		D0B056272BA4E7F700794335 /* Preview Assets.xcassets */ = {isa = PBXFileReference; lastKnownFileType = folder.assetcatalog; path = "Preview Assets.xcassets"; sourceTree = "<group>"; };
/* End PBXFileReference section */

/* Begin PBXFrameworksBuildPhase section */
		D0B0561A2BA4E7F500794335 /* Frameworks */ = {
			isa = PBXFrameworksBuildPhase;
			buildActionMask = 2147483647;
			files = (
				D079100D2BA5E967001FB23F /* FirebaseAuth in Frameworks */,
				D079100F2BA5E967001FB23F /* FirebaseFirestore in Frameworks */,
				D07910112BA5E967001FB23F /* FirebaseFirestoreSwift in Frameworks */,
			);
			runOnlyForDeploymentPostprocessing = 0;
		};
/* End PBXFrameworksBuildPhase section */

/* Begin PBXGroup section */
		D07910142BA6D18C001FB23F /* Views */ = {
			isa = PBXGroup;
			children = (
				D0B056222BA4E7F500794335 /* MainView.swift */,
				D07910182BA6D660001FB23F /* e .swift */,
				D079101E2BA6D6E6001FB23F /* LoginView.swift */,
				D07910372BA75A66001FB23F /* HeaderView.swift */,
				D07910202BA6D6F5001FB23F /* RegisterView.swift */,
				D07910392BA7725E001FB23F /* TLButton.swift */,
				D07910222BA6D74A001FB23F /* TodoListView.swift */,
				D079101A2BA6D688001FB23F /* TodoListItemView.swift */,
				D079101C2BA6D6C2001FB23F /* NewItemView.swift */,
			);
			path = Views;
			sourceTree = "<group>";
		};
		D07910152BA6D1A9001FB23F /* Models */ = {
			isa = PBXGroup;
			children = (
				D07910242BA6D7C6001FB23F /* User.swift */,
				D07910262BA6D7D9001FB23F /* TodoListItem.swift */,
			);
			path = Models;
			sourceTree = "<group>";
		};
		D07910162BA6D203001FB23F /* ViewModels */ = {
			isa = PBXGroup;
			children = (
				D07910292BA6E5FB001FB23F /* MainViewModel.swift */,
				D079102B2BA6E639001FB23F /* ProfileViewModel.swift */,
				D07910312BA6EDBB001FB23F /* LoginViewModel.swift */,
				D07910332BA6EDF7001FB23F /* RegisterViewModel.swift */,
				D079102D2BA6E655001FB23F /* TodoListViewModel.swift */,
				D07910352BA6EE84001FB23F /* TodoListItemViewModel.swift */,
				D079102F2BA6ED56001FB23F /* NewItemViewModel.swift */,
			);
			path = ViewModels;
			sourceTree = "<group>";
		};
		D07910172BA6D21C001FB23F /* Other */ = {
			isa = PBXGroup;
			children = (
				D0B056242BA4E7F700794335 /* Assets.xcassets */,
				D07CD6482BA9AD6300CF6DFE /* Launch Screen.storyboard */,
				D07910122BA5F4CC001FB23F /* GoogleService-Info.plist */,
				D0B056202BA4E7F500794335 /* TodoListApp.swift */,
				D079103C2BA82B59001FB23F /* Extentions.swift */,
			);
			path = Other;
			sourceTree = "<group>";
		};
		D0B056142BA4E7F500794335 = {
			isa = PBXGroup;
			children = (
				D0B0561F2BA4E7F500794335 /* TodoList */,
				D0B0561E2BA4E7F500794335 /* Products */,
			);
			sourceTree = "<group>";
		};
		D0B0561E2BA4E7F500794335 /* Products */ = {
			isa = PBXGroup;
			children = (
				D0B0561D2BA4E7F500794335 /* TodoList.app */,
			);
			name = Products;
			sourceTree = "<group>";
		};
		D0B0561F2BA4E7F500794335 /* TodoList */ = {
			isa = PBXGroup;
			children = (
				D07910172BA6D21C001FB23F /* Other */,
				D07910162BA6D203001FB23F /* ViewModels */,
				D07910152BA6D1A9001FB23F /* Models */,
				D07910142BA6D18C001FB23F /* Views */,
				D0B056262BA4E7F700794335 /* Preview Content */,
			);
			path = TodoList;
			sourceTree = "<group>";
		};
		D0B056262BA4E7F700794335 /* Preview Content */ = {
			isa = PBXGroup;
			children = (
				D0B056272BA4E7F700794335 /* Preview Assets.xcassets */,
			);
			path = "Preview Content";
			sourceTree = "<group>";
		};
/* End PBXGroup section */

/* Begin PBXNativeTarget section */
		D0B0561C2BA4E7F500794335 /* TodoList */ = {
			isa = PBXNativeTarget;
			buildConfigurationList = D0B0562B2BA4E7F700794335 /* Build configuration list for PBXNativeTarget "TodoList" */;
			buildPhases = (
				D0B056192BA4E7F500794335 /* Sources */,
				D0B0561A2BA4E7F500794335 /* Frameworks */,
				D0B0561B2BA4E7F500794335 /* Resources */,
			);
			buildRules = (
			);
			dependencies = (
			);
			name = TodoList;
			packageProductDependencies = (
				D079100C2BA5E967001FB23F /* FirebaseAuth */,
				D079100E2BA5E967001FB23F /* FirebaseFirestore */,
				D07910102BA5E967001FB23F /* FirebaseFirestoreSwift */,
			);
			productName = TodoList;
			productReference = D0B0561D2BA4E7F500794335 /* TodoList.app */;
			productType = "com.apple.product-type.application";
		};
/* End PBXNativeTarget section */

/* Begin PBXProject section */
		D0B056152BA4E7F500794335 /* Project object */ = {
			isa = PBXProject;
			attributes = {
				BuildIndependentTargetsInParallel = 1;
				LastSwiftUpdateCheck = 1530;
				LastUpgradeCheck = 1530;
				TargetAttributes = {
					D0B0561C2BA4E7F500794335 = {
						CreatedOnToolsVersion = 15.3;
					};
				};
			};
			buildConfigurationList = D0B056182BA4E7F500794335 /* Build configuration list for PBXProject "TodoList" */;
			compatibilityVersion = "Xcode 14.0";
			developmentRegion = en;
			hasScannedForEncodings = 0;
			knownRegions = (
				en,
				Base,
			);
			mainGroup = D0B056142BA4E7F500794335;
			packageReferences = (
				D079100B2BA5E967001FB23F /* XCRemoteSwiftPackageReference "firebase-ios-sdk" */,
			);
			productRefGroup = D0B0561E2BA4E7F500794335 /* Products */;
			projectDirPath = "";
			projectRoot = "";
			targets = (
				D0B0561C2BA4E7F500794335 /* TodoList */,
			);
		};
/* End PBXProject section */

/* Begin PBXResourcesBuildPhase section */
		D0B0561B2BA4E7F500794335 /* Resources */ = {
			isa = PBXResourcesBuildPhase;
			buildActionMask = 2147483647;
			files = (
				D0B056282BA4E7F700794335 /* Preview Assets.xcassets in Resources */,
				D0B056252BA4E7F700794335 /* Assets.xcassets in Resources */,
				D07CD6492BA9AD6300CF6DFE /* Launch Screen.storyboard in Resources */,
				D07910132BA5F4CD001FB23F /* GoogleService-Info.plist in Resources */,
			);
			runOnlyForDeploymentPostprocessing = 0;
		};
/* End PBXResourcesBuildPhase section */

/* Begin PBXSourcesBuildPhase section */
		D0B056192BA4E7F500794335 /* Sources */ = {
			isa = PBXSourcesBuildPhase;
			buildActionMask = 2147483647;
			files = (
				D07910272BA6D7D9001FB23F /* TodoListItem.swift in Sources */,
				D07910382BA75A67001FB23F /* HeaderView.swift in Sources */,
				D07910362BA6EE84001FB23F /* TodoListItemViewModel.swift in Sources */,
				D079101F2BA6D6E6001FB23F /* LoginView.swift in Sources */,
				D07910342BA6EDF7001FB23F /* RegisterViewModel.swift in Sources */,
				D079102A2BA6E5FB001FB23F /* MainViewModel.swift in Sources */,
				D0B056232BA4E7F500794335 /* MainView.swift in Sources */,
				D079103A2BA7725E001FB23F /* TLButton.swift in Sources */,
				D07910232BA6D74A001FB23F /* TodoListView.swift in Sources */,
				D079102C2BA6E639001FB23F /* ProfileViewModel.swift in Sources */,
				D079101B2BA6D688001FB23F /* TodoListItemView.swift in Sources */,
				D07910212BA6D6F6001FB23F /* RegisterView.swift in Sources */,
				D079103D2BA82B59001FB23F /* Extentions.swift in Sources */,
				D079102E2BA6E655001FB23F /* TodoListViewModel.swift in Sources */,
				D07910252BA6D7C6001FB23F /* User.swift in Sources */,
				D07910322BA6EDBB001FB23F /* LoginViewModel.swift in Sources */,
				D07910192BA6D660001FB23F /* e .swift in Sources */,
				D0B056212BA4E7F500794335 /* TodoListApp.swift in Sources */,
				D079101D2BA6D6C3001FB23F /* NewItemView.swift in Sources */,
				D07910302BA6ED56001FB23F /* NewItemViewModel.swift in Sources */,
			);
			runOnlyForDeploymentPostprocessing = 0;
		};
/* End PBXSourcesBuildPhase section */

/* Begin XCBuildConfiguration section */
		D0B056292BA4E7F700794335 /* Debug */ = {
			isa = XCBuildConfiguration;
			buildSettings = {
				ALWAYS_SEARCH_USER_PATHS = NO;
				ASSETCATALOG_COMPILER_GENERATE_SWIFT_ASSET_SYMBOL_EXTENSIONS = YES;
				CLANG_ANALYZER_NONNULL = YES;
				CLANG_ANALYZER_NUMBER_OBJECT_CONVERSION = YES_AGGRESSIVE;
				CLANG_CXX_LANGUAGE_STANDARD = "gnu++20";
				CLANG_ENABLE_MODULES = YES;
				CLANG_ENABLE_OBJC_ARC = YES;
				CLANG_ENABLE_OBJC_WEAK = YES;
				CLANG_WARN_BLOCK_CAPTURE_AUTORELEASING = YES;
				CLANG_WARN_BOOL_CONVERSION = YES;
				CLANG_WARN_COMMA = YES;
				CLANG_WARN_CONSTANT_CONVERSION = YES;
				CLANG_WARN_DEPRECATED_OBJC_IMPLEMENTATIONS = YES;
				CLANG_WARN_DIRECT_OBJC_ISA_USAGE = YES_ERROR;
				CLANG_WARN_DOCUMENTATION_COMMENTS = YES;
				CLANG_WARN_EMPTY_BODY = YES;
				CLANG_WARN_ENUM_CONVERSION = YES;
				CLANG_WARN_INFINITE_RECURSION = YES;
				CLANG_WARN_INT_CONVERSION = YES;
				CLANG_WARN_NON_LITERAL_NULL_CONVERSION = YES;
				CLANG_WARN_OBJC_IMPLICIT_RETAIN_SELF = YES;
				CLANG_WARN_OBJC_LITERAL_CONVERSION = YES;
				CLANG_WARN_OBJC_ROOT_CLASS = YES_ERROR;
				CLANG_WARN_QUOTED_INCLUDE_IN_FRAMEWORK_HEADER = YES;
				CLANG_WARN_RANGE_LOOP_ANALYSIS = YES;
				CLANG_WARN_STRICT_PROTOTYPES = YES;
				CLANG_WARN_SUSPICIOUS_MOVE = YES;
				CLANG_WARN_UNGUARDED_AVAILABILITY = YES_AGGRESSIVE;
				CLANG_WARN_UNREACHABLE_CODE = YES;
				CLANG_WARN__DUPLICATE_METHOD_MATCH = YES;
				COPY_PHASE_STRIP = NO;
				DEBUG_INFORMATION_FORMAT = dwarf;
				ENABLE_STRICT_OBJC_MSGSEND = YES;
				ENABLE_TESTABILITY = YES;
				ENABLE_USER_SCRIPT_SANDBOXING = YES;
				GCC_C_LANGUAGE_STANDARD = gnu17;
				GCC_DYNAMIC_NO_PIC = NO;
				GCC_NO_COMMON_BLOCKS = YES;
				GCC_OPTIMIZATION_LEVEL = 0;
				GCC_PREPROCESSOR_DEFINITIONS = (
					"DEBUG=1",
					"$(inherited)",
				);
				GCC_WARN_64_TO_32_BIT_CONVERSION = YES;
				GCC_WARN_ABOUT_RETURN_TYPE = YES_ERROR;
				GCC_WARN_UNDECLARED_SELECTOR = YES;
				GCC_WARN_UNINITIALIZED_AUTOS = YES_AGGRESSIVE;
				GCC_WARN_UNUSED_FUNCTION = YES;
				GCC_WARN_UNUSED_VARIABLE = YES;
				IPHONEOS_DEPLOYMENT_TARGET = 17.4;
				LOCALIZATION_PREFERS_STRING_CATALOGS = YES;
				MTL_ENABLE_DEBUG_INFO = INCLUDE_SOURCE;
				MTL_FAST_MATH = YES;
				ONLY_ACTIVE_ARCH = YES;
				SDKROOT = iphoneos;
				SWIFT_ACTIVE_COMPILATION_CONDITIONS = "DEBUG $(inherited)";
				SWIFT_OPTIMIZATION_LEVEL = "-Onone";
			};
			name = Debug;
		};
		D0B0562A2BA4E7F700794335 /* Release */ = {
			isa = XCBuildConfiguration;
			buildSettings = {
				ALWAYS_SEARCH_USER_PATHS = NO;
				ASSETCATALOG_COMPILER_GENERATE_SWIFT_ASSET_SYMBOL_EXTENSIONS = YES;
				CLANG_ANALYZER_NONNULL = YES;
				CLANG_ANALYZER_NUMBER_OBJECT_CONVERSION = YES_AGGRESSIVE;
				CLANG_CXX_LANGUAGE_STANDARD = "gnu++20";
				CLANG_ENABLE_MODULES = YES;
				CLANG_ENABLE_OBJC_ARC = YES;
				CLANG_ENABLE_OBJC_WEAK = YES;
				CLANG_WARN_BLOCK_CAPTURE_AUTORELEASING = YES;
				CLANG_WARN_BOOL_CONVERSION = YES;
				CLANG_WARN_COMMA = YES;
				CLANG_WARN_CONSTANT_CONVERSION = YES;
				CLANG_WARN_DEPRECATED_OBJC_IMPLEMENTATIONS = YES;
				CLANG_WARN_DIRECT_OBJC_ISA_USAGE = YES_ERROR;
				CLANG_WARN_DOCUMENTATION_COMMENTS = YES;
				CLANG_WARN_EMPTY_BODY = YES;
				CLANG_WARN_ENUM_CONVERSION = YES;
				CLANG_WARN_INFINITE_RECURSION = YES;
				CLANG_WARN_INT_CONVERSION = YES;
				CLANG_WARN_NON_LITERAL_NULL_CONVERSION = YES;
				CLANG_WARN_OBJC_IMPLICIT_RETAIN_SELF = YES;
				CLANG_WARN_OBJC_LITERAL_CONVERSION = YES;
				CLANG_WARN_OBJC_ROOT_CLASS = YES_ERROR;
				CLANG_WARN_QUOTED_INCLUDE_IN_FRAMEWORK_HEADER = YES;
				CLANG_WARN_RANGE_LOOP_ANALYSIS = YES;
				CLANG_WARN_STRICT_PROTOTYPES = YES;
				CLANG_WARN_SUSPICIOUS_MOVE = YES;
				CLANG_WARN_UNGUARDED_AVAILABILITY = YES_AGGRESSIVE;
				CLANG_WARN_UNREACHABLE_CODE = YES;
				CLANG_WARN__DUPLICATE_METHOD_MATCH = YES;
				COPY_PHASE_STRIP = NO;
				DEBUG_INFORMATION_FORMAT = "dwarf-with-dsym";
				ENABLE_NS_ASSERTIONS = NO;
				ENABLE_STRICT_OBJC_MSGSEND = YES;
				ENABLE_USER_SCRIPT_SANDBOXING = YES;
				GCC_C_LANGUAGE_STANDARD = gnu17;
				GCC_NO_COMMON_BLOCKS = YES;
				GCC_WARN_64_TO_32_BIT_CONVERSION = YES;
				GCC_WARN_ABOUT_RETURN_TYPE = YES_ERROR;
				GCC_WARN_UNDECLARED_SELECTOR = YES;
				GCC_WARN_UNINITIALIZED_AUTOS = YES_AGGRESSIVE;
				GCC_WARN_UNUSED_FUNCTION = YES;
				GCC_WARN_UNUSED_VARIABLE = YES;
				IPHONEOS_DEPLOYMENT_TARGET = 17.4;
				LOCALIZATION_PREFERS_STRING_CATALOGS = YES;
				MTL_ENABLE_DEBUG_INFO = NO;
				MTL_FAST_MATH = YES;
				SDKROOT = iphoneos;
				SWIFT_COMPILATION_MODE = wholemodule;
				VALIDATE_PRODUCT = YES;
			};
			name = Release;
		};
		D0B0562C2BA4E7F700794335 /* Debug */ = {
			isa = XCBuildConfiguration;
			buildSettings = {
				ASSETCATALOG_COMPILER_APPICON_NAME = AppIcon;
				ASSETCATALOG_COMPILER_GLOBAL_ACCENT_COLOR_NAME = AccentColor;
				ASSETCATALOG_COMPILER_INCLUDE_ALL_APPICON_ASSETS = NO;
				CODE_SIGN_STYLE = Automatic;
				CURRENT_PROJECT_VERSION = 1;
				DEVELOPMENT_ASSET_PATHS = "\"TodoList/Preview Content\"";
				DEVELOPMENT_TEAM = 9SP564T8AA;
				ENABLE_PREVIEWS = YES;
				GENERATE_INFOPLIST_FILE = YES;
				INFOPLIST_KEY_CFBundleDisplayName = "Badhe Punapa";
				INFOPLIST_KEY_UIApplicationSceneManifest_Generation = YES;
				INFOPLIST_KEY_UIApplicationSupportsIndirectInputEvents = YES;
				INFOPLIST_KEY_UILaunchScreen_Generation = YES;
				INFOPLIST_KEY_UILaunchStoryboardName = "Launch Screen.storyboard";
				INFOPLIST_KEY_UISupportedInterfaceOrientations = UIInterfaceOrientationPortrait;
				IPHONEOS_DEPLOYMENT_TARGET = 17.4;
				LD_RUNPATH_SEARCH_PATHS = (
					"$(inherited)",
					"@executable_path/Frameworks",
				);
				MARKETING_VERSION = 1.0;
				PRODUCT_BUNDLE_IDENTIFIER = spindyzel.TodoList;
				PRODUCT_NAME = "$(TARGET_NAME)";
				SWIFT_EMIT_LOC_STRINGS = YES;
				SWIFT_VERSION = 5.0;
				TARGETED_DEVICE_FAMILY = "1,2";
			};
			name = Debug;
		};
		D0B0562D2BA4E7F700794335 /* Release */ = {
			isa = XCBuildConfiguration;
			buildSettings = {
				ASSETCATALOG_COMPILER_APPICON_NAME = AppIcon;
				ASSETCATALOG_COMPILER_GLOBAL_ACCENT_COLOR_NAME = AccentColor;
				ASSETCATALOG_COMPILER_INCLUDE_ALL_APPICON_ASSETS = NO;
				CODE_SIGN_STYLE = Automatic;
				CURRENT_PROJECT_VERSION = 1;
				DEVELOPMENT_ASSET_PATHS = "\"TodoList/Preview Content\"";
				DEVELOPMENT_TEAM = 9SP564T8AA;
				ENABLE_PREVIEWS = YES;
				GENERATE_INFOPLIST_FILE = YES;
				INFOPLIST_KEY_CFBundleDisplayName = "Badhe Punapa";
				INFOPLIST_KEY_UIApplicationSceneManifest_Generation = YES;
				INFOPLIST_KEY_UIApplicationSupportsIndirectInputEvents = YES;
				INFOPLIST_KEY_UILaunchScreen_Generation = YES;
				INFOPLIST_KEY_UILaunchStoryboardName = "Launch Screen.storyboard";
				INFOPLIST_KEY_UISupportedInterfaceOrientations = UIInterfaceOrientationPortrait;
				IPHONEOS_DEPLOYMENT_TARGET = 17.4;
				LD_RUNPATH_SEARCH_PATHS = (
					"$(inherited)",
					"@executable_path/Frameworks",
				);
				MARKETING_VERSION = 1.0;
				PRODUCT_BUNDLE_IDENTIFIER = spindyzel.TodoList;
				PRODUCT_NAME = "$(TARGET_NAME)";
				SWIFT_EMIT_LOC_STRINGS = YES;
				SWIFT_VERSION = 5.0;
				TARGETED_DEVICE_FAMILY = "1,2";
			};
			name = Release;
		};
/* End XCBuildConfiguration section */

/* Begin XCConfigurationList section */
		D0B056182BA4E7F500794335 /* Build configuration list for PBXProject "TodoList" */ = {
			isa = XCConfigurationList;
			buildConfigurations = (
				D0B056292BA4E7F700794335 /* Debug */,
				D0B0562A2BA4E7F700794335 /* Release */,
			);
			defaultConfigurationIsVisible = 0;
			defaultConfigurationName = Release;
		};
		D0B0562B2BA4E7F700794335 /* Build configuration list for PBXNativeTarget "TodoList" */ = {
			isa = XCConfigurationList;
			buildConfigurations = (
				D0B0562C2BA4E7F700794335 /* Debug */,
				D0B0562D2BA4E7F700794335 /* Release */,
			);
			defaultConfigurationIsVisible = 0;
			defaultConfigurationName = Release;
		};
/* End XCConfigurationList section */

/* Begin XCRemoteSwiftPackageReference section */
		D079100B2BA5E967001FB23F /* XCRemoteSwiftPackageReference "firebase-ios-sdk" */ = {
			isa = XCRemoteSwiftPackageReference;
			repositoryURL = "https://github.com/firebase/firebase-ios-sdk";
			requirement = {
				kind = upToNextMajorVersion;
				minimumVersion = 10.22.1;
			};
		};
/* End XCRemoteSwiftPackageReference section */

/* Begin XCSwiftPackageProductDependency section */
		D079100C2BA5E967001FB23F /* FirebaseAuth */ = {
			isa = XCSwiftPackageProductDependency;
			package = D079100B2BA5E967001FB23F /* XCRemoteSwiftPackageReference "firebase-ios-sdk" */;
			productName = FirebaseAuth;
		};
		D079100E2BA5E967001FB23F /* FirebaseFirestore */ = {
			isa = XCSwiftPackageProductDependency;
			package = D079100B2BA5E967001FB23F /* XCRemoteSwiftPackageReference "firebase-ios-sdk" */;
			productName = FirebaseFirestore;
		};
		D07910102BA5E967001FB23F /* FirebaseFirestoreSwift */ = {
			isa = XCSwiftPackageProductDependency;
			package = D079100B2BA5E967001FB23F /* XCRemoteSwiftPackageReference "firebase-ios-sdk" */;
			productName = FirebaseFirestoreSwift;
		};
/* End XCSwiftPackageProductDependency section */
	};
	rootObject = D0B056152BA4E7F500794335 /* Project object */;
}
